
Microsoft Visual Studio Solution File, Format Version 12.00
# Visual Studio Version 17
VisualStudioVersion = 17.14.36212.18
MinimumVisualStudioVersion = 10.0.40219.1
Project("{2150E333-8FDC-42A3-9474-1A3956D46DE8}") = "src", "src", "{02EA681E-C7D8-13C7-8484-4AC65E1B71E8}"
EndProject
Project("{FAE04EC0-301F-11D3-BF4B-00C04F79EFBC}") = "MBLite", "src\MBLite\MBLite.csproj", "{E4D2EF19-696E-C0D5-8279-2C674667ABCF}"
EndProject
Project("{FAE04EC0-301F-11D3-BF4B-00C04F79EFBC}") = "MBLite.Desktop", "src\MBLite.Desktop\MBLite.Desktop.csproj", "{21A43A87-30DD-9530-5619-6A6336B7DF14}"
EndProject
Project("{2150E333-8FDC-42A3-9474-1A3956D46DE8}") = "docs", "docs", "{0BF7D05E-FB74-4DA4-8B38-9ED5DBFF29FE}"
	ProjectSection(SolutionItems) = preProject
		docs\cheat-links.md = docs\cheat-links.md
	EndProjectSection
EndProject
Project("{2150E333-8FDC-42A3-9474-1A3956D46DE8}") = "assemblies", "assemblies", "{BFF763F0-BE2E-462F-835E-4CC12119F3AA}"
	ProjectSection(SolutionItems) = preProject
		assemblies\NModbus.dll = assemblies\NModbus.dll
		assemblies\NModbus.Serial.dll = assemblies\NModbus.Serial.dll
	EndProjectSection
EndProject
Project("{2150E333-8FDC-42A3-9474-1A3956D46DE8}") = "materials", "materials", "{C1F9231A-9C81-406B-A482-8CB2C32F1364}"
EndProject
Global
	GlobalSection(SolutionConfigurationPlatforms) = preSolution
		Debug|Any CPU = Debug|Any CPU
		Release|Any CPU = Release|Any CPU
	EndGlobalSection
	GlobalSection(ProjectConfigurationPlatforms) = postSolution
		{E4D2EF19-696E-C0D5-8279-2C674667ABCF}.Debug|Any CPU.ActiveCfg = Debug|Any CPU
		{E4D2EF19-696E-C0D5-8279-2C674667ABCF}.Debug|Any CPU.Build.0 = Debug|Any CPU
		{E4D2EF19-696E-C0D5-8279-2C674667ABCF}.Release|Any CPU.ActiveCfg = Release|Any CPU
		{E4D2EF19-696E-C0D5-8279-2C674667ABCF}.Release|Any CPU.Build.0 = Release|Any CPU
		{21A43A87-30DD-9530-5619-6A6336B7DF14}.Debug|Any CPU.ActiveCfg = Debug|Any CPU
		{21A43A87-30DD-9530-5619-6A6336B7DF14}.Debug|Any CPU.Build.0 = Debug|Any CPU
		{21A43A87-30DD-9530-5619-6A6336B7DF14}.Release|Any CPU.ActiveCfg = Release|Any CPU
		{21A43A87-30DD-9530-5619-6A6336B7DF14}.Release|Any CPU.Build.0 = Release|Any CPU
	EndGlobalSection
	GlobalSection(SolutionProperties) = preSolution
		HideSolutionNode = FALSE
	EndGlobalSection
	GlobalSection(NestedProjects) = preSolution
		{E4D2EF19-696E-C0D5-8279-2C674667ABCF} = {02EA681E-C7D8-13C7-8484-4AC65E1B71E8}
		{21A43A87-30DD-9530-5619-6A6336B7DF14} = {02EA681E-C7D8-13C7-8484-4AC65E1B71E8}
	EndGlobalSection
	GlobalSection(ExtensibilityGlobals) = postSolution
		SolutionGuid = {0BA9527E-4157-4E2E-AA56-1F4D591C11DA}
	EndGlobalSection
EndGlobal
